{
  "_status": "RESOLVED_2026-07-15",
  "frontend": "wechatopenai/weknora-ui:v0.6.3@sha256:da9a3a0a939ddd1ed6f4b510b74a0562a21b898439f907cd6ee529a3680283d8",
  "app": "ghcr.io/pa-alg/insurancekb-weknora-app:src-5eefa70e6fc8-patch-6f6d8ad1e0e9@sha256:e2dd00b37dbcfebf87fab9d1e2338ad43e6ea9939a5ba9fcab9d412d866521f5",
  "docreader": "wechatopenai/weknora-docreader:v0.6.3@sha256:7f09b7581150cec73a206460c859abfd3671ae13697450d6b533db5484c1276c",
  "postgres": "paradedb/paradedb:v0.22.2-pg17@sha256:af585013f97f622715de01e48d00558f7edf17055d7b40deafc9f98ca8d99a56",
  "redis": "redis:7.0-alpine@sha256:c9d92d840fd011c908f040592857c724ae6d877f2aba5c40ad963276507386b2",
  "harness-postgres": "postgres:16@sha256:eb4759788a2182f08257135e61a34f2cfc3c2914079f3465d64ee62350f4d081"
}
