{
  "_status": "RESOLVED_2026-07-28",
  "frontend": "ghcr.io/pa-alg/insurancekb-weknora-frontend:src-a8bf55ae1844-lock-55bb545f43a4@sha256:5e5555166307ab65f4b9b118766c778231c81a0b1aff2326c3da7a99f2527243",
  "app": "ghcr.io/pa-alg/insurancekb-weknora-app:src-a8bf55ae1844-lock-55bb545f43a4@sha256:37dfa969939cd9e48e4f65fcabee49920ecb28139d584bf000a2355ac5cf1d55",
  "docreader": "ghcr.io/pa-alg/insurancekb-weknora-docreader:src-a8bf55ae1844-lock-55bb545f43a4@sha256:418de99a454fdfee1592cc8346fad6f8e2601ed27107561aa745474d94b8b207",
  "postgres": "paradedb/paradedb:v0.22.2-pg17@sha256:af585013f97f622715de01e48d00558f7edf17055d7b40deafc9f98ca8d99a56",
  "redis": "redis:7.0-alpine@sha256:c9d92d840fd011c908f040592857c724ae6d877f2aba5c40ad963276507386b2",
  "harness-postgres": "postgres:16@sha256:eb4759788a2182f08257135e61a34f2cfc3c2914079f3465d64ee62350f4d081"
}
